
Microsoft Visual Studio Solution File, Format Version 12.00
# Visual Studio 14
VisualStudioVersion = 14.0.25420.1
MinimumVisualStudioVersion = 10.0.40219.1
Project("{FAE04EC0-301F-11D3-BF4B-00C04F79EFBC}") = "DemoDict", "DemoDict\DemoDict.csproj", "{0DCA2D10-77AF-4AE6-92E2-B2E63343D4C1}"
EndProject
Project("{FAE04EC0-301F-11D3-BF4B-00C04F79EFBC}") = "DemoMemory", "..\DemoMemory\DemoMemory.csproj", "{ED4192A1-3F7A-4EBB-8101-56A27D8879BD}"
EndProject
Project("{FAE04EC0-301F-11D3-BF4B-00C04F79EFBC}") = "DemoEnums", "..\DemoEnums\DemoEnums.csproj", "{16B57791-4944-4344-9470-E267B4352A52}"
EndProject
Project("{FAE04EC0-301F-11D3-BF4B-00C04F79EFBC}") = "Extentions", "..\Extentions\Extentions.csproj", "{D516303E-18C5-4862-A903-36FF1ACD2FC2}"
EndProject
Project("{FAE04EC0-301F-11D3-BF4B-00C04F79EFBC}") = "swapGenericList", "..\swapGenericList\swapGenericList.csproj", "{F8D894A2-D64B-434C-A664-3EE0450102F1}"
EndProject
Project("{FAE04EC0-301F-11D3-BF4B-00C04F79EFBC}") = "DelegatLambda", "..\DelegatLambda\DelegatLambda.csproj", "{73D75F2F-EAC7-4DEF-9AA5-C2159545B5C0}"
EndProject
Global
	GlobalSection(SolutionConfigurationPlatforms) = preSolution
		Debug|Any CPU = Debug|Any CPU
		Release|Any CPU = Release|Any CPU
	EndGlobalSection
	GlobalSection(ProjectConfigurationPlatforms) = postSolution
		{0DCA2D10-77AF-4AE6-92E2-B2E63343D4C1}.Debug|Any CPU.ActiveCfg = Debug|Any CPU
		{0DCA2D10-77AF-4AE6-92E2-B2E63343D4C1}.Debug|Any CPU.Build.0 = Debug|Any CPU
		{0DCA2D10-77AF-4AE6-92E2-B2E63343D4C1}.Release|Any CPU.ActiveCfg = Release|Any CPU
		{0DCA2D10-77AF-4AE6-92E2-B2E63343D4C1}.Release|Any CPU.Build.0 = Release|Any CPU
		{ED4192A1-3F7A-4EBB-8101-56A27D8879BD}.Debug|Any CPU.ActiveCfg = Debug|Any CPU
		{ED4192A1-3F7A-4EBB-8101-56A27D8879BD}.Debug|Any CPU.Build.0 = Debug|Any CPU
		{ED4192A1-3F7A-4EBB-8101-56A27D8879BD}.Release|Any CPU.ActiveCfg = Release|Any CPU
		{ED4192A1-3F7A-4EBB-8101-56A27D8879BD}.Release|Any CPU.Build.0 = Release|Any CPU
		{16B57791-4944-4344-9470-E267B4352A52}.Debug|Any CPU.ActiveCfg = Debug|Any CPU
		{16B57791-4944-4344-9470-E267B4352A52}.Debug|Any CPU.Build.0 = Debug|Any CPU
		{16B57791-4944-4344-9470-E267B4352A52}.Release|Any CPU.ActiveCfg = Release|Any CPU
		{16B57791-4944-4344-9470-E267B4352A52}.Release|Any CPU.Build.0 = Release|Any CPU
		{D516303E-18C5-4862-A903-36FF1ACD2FC2}.Debug|Any CPU.ActiveCfg = Debug|Any CPU
		{D516303E-18C5-4862-A903-36FF1ACD2FC2}.Debug|Any CPU.Build.0 = Debug|Any CPU
		{D516303E-18C5-4862-A903-36FF1ACD2FC2}.Release|Any CPU.ActiveCfg = Release|Any CPU
		{D516303E-18C5-4862-A903-36FF1ACD2FC2}.Release|Any CPU.Build.0 = Release|Any CPU
		{F8D894A2-D64B-434C-A664-3EE0450102F1}.Debug|Any CPU.ActiveCfg = Debug|Any CPU
		{F8D894A2-D64B-434C-A664-3EE0450102F1}.Debug|Any CPU.Build.0 = Debug|Any CPU
		{F8D894A2-D64B-434C-A664-3EE0450102F1}.Release|Any CPU.ActiveCfg = Release|Any CPU
		{F8D894A2-D64B-434C-A664-3EE0450102F1}.Release|Any CPU.Build.0 = Release|Any CPU
		{73D75F2F-EAC7-4DEF-9AA5-C2159545B5C0}.Debug|Any CPU.ActiveCfg = Debug|Any CPU
		{73D75F2F-EAC7-4DEF-9AA5-C2159545B5C0}.Debug|Any CPU.Build.0 = Debug|Any CPU
		{73D75F2F-EAC7-4DEF-9AA5-C2159545B5C0}.Release|Any CPU.ActiveCfg = Release|Any CPU
		{73D75F2F-EAC7-4DEF-9AA5-C2159545B5C0}.Release|Any CPU.Build.0 = Release|Any CPU
	EndGlobalSection
	GlobalSection(SolutionProperties) = preSolution
		HideSolutionNode = FALSE
	EndGlobalSection
EndGlobal
